
Microsoft Visual Studio Solution File, Format Version 12.00
# Visual Studio Version 17
VisualStudioVersion = 17.10.34928.147
MinimumVisualStudioVersion = 10.0.40219.1
Project("{8BC9CEB8-8B4A-11D0-8D11-00A0C91BC942}") = "12_05_01", "12_05_01\12_05_01.vcxproj", "{86372F20-3121-4C87-86B1-1776786D094F}"
EndProject
Global
	GlobalSection(SolutionConfigurationPlatforms) = preSolution
		Debug|x64 = Debug|x64
		Debug|x86 = Debug|x86
		Release|x64 = Release|x64
		Release|x86 = Release|x86
	EndGlobalSection
	GlobalSection(ProjectConfigurationPlatforms) = postSolution
		{86372F20-3121-4C87-86B1-1776786D094F}.Debug|x64.ActiveCfg = Debug|x64
		{86372F20-3121-4C87-86B1-1776786D094F}.Debug|x64.Build.0 = Debug|x64
		{86372F20-3121-4C87-86B1-1776786D094F}.Debug|x86.ActiveCfg = Debug|Win32
		{86372F20-3121-4C87-86B1-1776786D094F}.Debug|x86.Build.0 = Debug|Win32
		{86372F20-3121-4C87-86B1-1776786D094F}.Release|x64.ActiveCfg = Release|x64
		{86372F20-3121-4C87-86B1-1776786D094F}.Release|x64.Build.0 = Release|x64
		{86372F20-3121-4C87-86B1-1776786D094F}.Release|x86.ActiveCfg = Release|Win32
		{86372F20-3121-4C87-86B1-1776786D094F}.Release|x86.Build.0 = Release|Win32
	EndGlobalSection
	GlobalSection(SolutionProperties) = preSolution
		HideSolutionNode = FALSE
	EndGlobalSection
	GlobalSection(ExtensibilityGlobals) = postSolution
		SolutionGuid = {F3800362-EF9A-47F3-A842-AAE6BDE18347}
	EndGlobalSection
EndGlobal
