
Microsoft Visual Studio Solution File, Format Version 12.00
# Visual Studio Version 17
VisualStudioVersion = 17.10.34928.147
MinimumVisualStudioVersion = 10.0.40219.1
Project("{8BC9CEB8-8B4A-11D0-8D11-00A0C91BC942}") = "09_04", "09_04\09_04.vcxproj", "{E5D79EB8-F7F2-42B2-849C-8B228C1D7A31}"
EndProject
Global
	GlobalSection(SolutionConfigurationPlatforms) = preSolution
		Debug|x64 = Debug|x64
		Debug|x86 = Debug|x86
		Release|x64 = Release|x64
		Release|x86 = Release|x86
	EndGlobalSection
	GlobalSection(ProjectConfigurationPlatforms) = postSolution
		{E5D79EB8-F7F2-42B2-849C-8B228C1D7A31}.Debug|x64.ActiveCfg = Debug|x64
		{E5D79EB8-F7F2-42B2-849C-8B228C1D7A31}.Debug|x64.Build.0 = Debug|x64
		{E5D79EB8-F7F2-42B2-849C-8B228C1D7A31}.Debug|x86.ActiveCfg = Debug|Win32
		{E5D79EB8-F7F2-42B2-849C-8B228C1D7A31}.Debug|x86.Build.0 = Debug|Win32
		{E5D79EB8-F7F2-42B2-849C-8B228C1D7A31}.Release|x64.ActiveCfg = Release|x64
		{E5D79EB8-F7F2-42B2-849C-8B228C1D7A31}.Release|x64.Build.0 = Release|x64
		{E5D79EB8-F7F2-42B2-849C-8B228C1D7A31}.Release|x86.ActiveCfg = Release|Win32
		{E5D79EB8-F7F2-42B2-849C-8B228C1D7A31}.Release|x86.Build.0 = Release|Win32
	EndGlobalSection
	GlobalSection(SolutionProperties) = preSolution
		HideSolutionNode = FALSE
	EndGlobalSection
	GlobalSection(ExtensibilityGlobals) = postSolution
		SolutionGuid = {BDB0B79D-F954-41CB-94FE-7CEA3F4A795B}
	EndGlobalSection
EndGlobal
