
Microsoft Visual Studio Solution File, Format Version 12.00
# Visual Studio Version 17
VisualStudioVersion = 17.10.34928.147
MinimumVisualStudioVersion = 10.0.40219.1
Project("{8BC9CEB8-8B4A-11D0-8D11-00A0C91BC942}") = "05_04", "05_04\05_04.vcxproj", "{38CD3875-5137-4FEB-A49A-2FD5149800ED}"
EndProject
Global
	GlobalSection(SolutionConfigurationPlatforms) = preSolution
		Debug|x64 = Debug|x64
		Debug|x86 = Debug|x86
		Release|x64 = Release|x64
		Release|x86 = Release|x86
	EndGlobalSection
	GlobalSection(ProjectConfigurationPlatforms) = postSolution
		{38CD3875-5137-4FEB-A49A-2FD5149800ED}.Debug|x64.ActiveCfg = Debug|x64
		{38CD3875-5137-4FEB-A49A-2FD5149800ED}.Debug|x64.Build.0 = Debug|x64
		{38CD3875-5137-4FEB-A49A-2FD5149800ED}.Debug|x86.ActiveCfg = Debug|Win32
		{38CD3875-5137-4FEB-A49A-2FD5149800ED}.Debug|x86.Build.0 = Debug|Win32
		{38CD3875-5137-4FEB-A49A-2FD5149800ED}.Release|x64.ActiveCfg = Release|x64
		{38CD3875-5137-4FEB-A49A-2FD5149800ED}.Release|x64.Build.0 = Release|x64
		{38CD3875-5137-4FEB-A49A-2FD5149800ED}.Release|x86.ActiveCfg = Release|Win32
		{38CD3875-5137-4FEB-A49A-2FD5149800ED}.Release|x86.Build.0 = Release|Win32
	EndGlobalSection
	GlobalSection(SolutionProperties) = preSolution
		HideSolutionNode = FALSE
	EndGlobalSection
	GlobalSection(ExtensibilityGlobals) = postSolution
		SolutionGuid = {C490BE7A-0769-4FA6-9812-FD0565030EAF}
	EndGlobalSection
EndGlobal
