
Microsoft Visual Studio Solution File, Format Version 12.00
# Visual Studio Version 17
VisualStudioVersion = 17.10.34928.147
MinimumVisualStudioVersion = 10.0.40219.1
Project("{8BC9CEB8-8B4A-11D0-8D11-00A0C91BC942}") = "07_习题_03", "07_习题_03\07_习题_03.vcxproj", "{1C4FF3BD-12C0-4690-90A8-69F8810D504D}"
EndProject
Global
	GlobalSection(SolutionConfigurationPlatforms) = preSolution
		Debug|x64 = Debug|x64
		Debug|x86 = Debug|x86
		Release|x64 = Release|x64
		Release|x86 = Release|x86
	EndGlobalSection
	GlobalSection(ProjectConfigurationPlatforms) = postSolution
		{1C4FF3BD-12C0-4690-90A8-69F8810D504D}.Debug|x64.ActiveCfg = Debug|x64
		{1C4FF3BD-12C0-4690-90A8-69F8810D504D}.Debug|x64.Build.0 = Debug|x64
		{1C4FF3BD-12C0-4690-90A8-69F8810D504D}.Debug|x86.ActiveCfg = Debug|Win32
		{1C4FF3BD-12C0-4690-90A8-69F8810D504D}.Debug|x86.Build.0 = Debug|Win32
		{1C4FF3BD-12C0-4690-90A8-69F8810D504D}.Release|x64.ActiveCfg = Release|x64
		{1C4FF3BD-12C0-4690-90A8-69F8810D504D}.Release|x64.Build.0 = Release|x64
		{1C4FF3BD-12C0-4690-90A8-69F8810D504D}.Release|x86.ActiveCfg = Release|Win32
		{1C4FF3BD-12C0-4690-90A8-69F8810D504D}.Release|x86.Build.0 = Release|Win32
	EndGlobalSection
	GlobalSection(SolutionProperties) = preSolution
		HideSolutionNode = FALSE
	EndGlobalSection
	GlobalSection(ExtensibilityGlobals) = postSolution
		SolutionGuid = {DA416B77-C179-4AAA-B79A-9263E540DD3B}
	EndGlobalSection
EndGlobal
