
Microsoft Visual Studio Solution File, Format Version 12.00
# Visual Studio Version 17
VisualStudioVersion = 17.10.34928.147
MinimumVisualStudioVersion = 10.0.40219.1
Project("{8BC9CEB8-8B4A-11D0-8D11-00A0C91BC942}") = "06_02_03", "06_02_03\06_02_03.vcxproj", "{8F8190F4-8CCB-4E0E-877B-45B2D7AB7CB7}"
EndProject
Global
	GlobalSection(SolutionConfigurationPlatforms) = preSolution
		Debug|x64 = Debug|x64
		Debug|x86 = Debug|x86
		Release|x64 = Release|x64
		Release|x86 = Release|x86
	EndGlobalSection
	GlobalSection(ProjectConfigurationPlatforms) = postSolution
		{8F8190F4-8CCB-4E0E-877B-45B2D7AB7CB7}.Debug|x64.ActiveCfg = Debug|x64
		{8F8190F4-8CCB-4E0E-877B-45B2D7AB7CB7}.Debug|x64.Build.0 = Debug|x64
		{8F8190F4-8CCB-4E0E-877B-45B2D7AB7CB7}.Debug|x86.ActiveCfg = Debug|Win32
		{8F8190F4-8CCB-4E0E-877B-45B2D7AB7CB7}.Debug|x86.Build.0 = Debug|Win32
		{8F8190F4-8CCB-4E0E-877B-45B2D7AB7CB7}.Release|x64.ActiveCfg = Release|x64
		{8F8190F4-8CCB-4E0E-877B-45B2D7AB7CB7}.Release|x64.Build.0 = Release|x64
		{8F8190F4-8CCB-4E0E-877B-45B2D7AB7CB7}.Release|x86.ActiveCfg = Release|Win32
		{8F8190F4-8CCB-4E0E-877B-45B2D7AB7CB7}.Release|x86.Build.0 = Release|Win32
	EndGlobalSection
	GlobalSection(SolutionProperties) = preSolution
		HideSolutionNode = FALSE
	EndGlobalSection
	GlobalSection(ExtensibilityGlobals) = postSolution
		SolutionGuid = {998F4931-BB8A-482F-93E9-1535D8C76D05}
	EndGlobalSection
EndGlobal
