
Microsoft Visual Studio Solution File, Format Version 12.00
# Visual Studio Version 17
VisualStudioVersion = 17.10.34928.147
MinimumVisualStudioVersion = 10.0.40219.1
Project("{8BC9CEB8-8B4A-11D0-8D11-00A0C91BC942}") = "08_01", "08_01\08_01.vcxproj", "{C823C65E-6987-4417-A506-95702E7D0208}"
EndProject
Global
	GlobalSection(SolutionConfigurationPlatforms) = preSolution
		Debug|x64 = Debug|x64
		Debug|x86 = Debug|x86
		Release|x64 = Release|x64
		Release|x86 = Release|x86
	EndGlobalSection
	GlobalSection(ProjectConfigurationPlatforms) = postSolution
		{C823C65E-6987-4417-A506-95702E7D0208}.Debug|x64.ActiveCfg = Debug|x64
		{C823C65E-6987-4417-A506-95702E7D0208}.Debug|x64.Build.0 = Debug|x64
		{C823C65E-6987-4417-A506-95702E7D0208}.Debug|x86.ActiveCfg = Debug|Win32
		{C823C65E-6987-4417-A506-95702E7D0208}.Debug|x86.Build.0 = Debug|Win32
		{C823C65E-6987-4417-A506-95702E7D0208}.Release|x64.ActiveCfg = Release|x64
		{C823C65E-6987-4417-A506-95702E7D0208}.Release|x64.Build.0 = Release|x64
		{C823C65E-6987-4417-A506-95702E7D0208}.Release|x86.ActiveCfg = Release|Win32
		{C823C65E-6987-4417-A506-95702E7D0208}.Release|x86.Build.0 = Release|Win32
	EndGlobalSection
	GlobalSection(SolutionProperties) = preSolution
		HideSolutionNode = FALSE
	EndGlobalSection
	GlobalSection(ExtensibilityGlobals) = postSolution
		SolutionGuid = {A7288CEE-A563-400B-AA92-2E64D38CA24A}
	EndGlobalSection
EndGlobal
