
Microsoft Visual Studio Solution File, Format Version 12.00
# Visual Studio Version 17
VisualStudioVersion = 17.10.34928.147
MinimumVisualStudioVersion = 10.0.40219.1
Project("{8BC9CEB8-8B4A-11D0-8D11-00A0C91BC942}") = "06_习题_08", "06_习题_08\06_习题_08.vcxproj", "{5916F765-8FD8-4B68-9752-0F68128FDF6D}"
EndProject
Global
	GlobalSection(SolutionConfigurationPlatforms) = preSolution
		Debug|x64 = Debug|x64
		Debug|x86 = Debug|x86
		Release|x64 = Release|x64
		Release|x86 = Release|x86
	EndGlobalSection
	GlobalSection(ProjectConfigurationPlatforms) = postSolution
		{5916F765-8FD8-4B68-9752-0F68128FDF6D}.Debug|x64.ActiveCfg = Debug|x64
		{5916F765-8FD8-4B68-9752-0F68128FDF6D}.Debug|x64.Build.0 = Debug|x64
		{5916F765-8FD8-4B68-9752-0F68128FDF6D}.Debug|x86.ActiveCfg = Debug|Win32
		{5916F765-8FD8-4B68-9752-0F68128FDF6D}.Debug|x86.Build.0 = Debug|Win32
		{5916F765-8FD8-4B68-9752-0F68128FDF6D}.Release|x64.ActiveCfg = Release|x64
		{5916F765-8FD8-4B68-9752-0F68128FDF6D}.Release|x64.Build.0 = Release|x64
		{5916F765-8FD8-4B68-9752-0F68128FDF6D}.Release|x86.ActiveCfg = Release|Win32
		{5916F765-8FD8-4B68-9752-0F68128FDF6D}.Release|x86.Build.0 = Release|Win32
	EndGlobalSection
	GlobalSection(SolutionProperties) = preSolution
		HideSolutionNode = FALSE
	EndGlobalSection
	GlobalSection(ExtensibilityGlobals) = postSolution
		SolutionGuid = {DFE78542-2663-4BC4-B2EA-F3C3883F1791}
	EndGlobalSection
EndGlobal
