
Microsoft Visual Studio Solution File, Format Version 12.00
# Visual Studio Version 17
VisualStudioVersion = 17.10.34928.147
MinimumVisualStudioVersion = 10.0.40219.1
Project("{8BC9CEB8-8B4A-11D0-8D11-00A0C91BC942}") = "13_06", "13_06\13_06.vcxproj", "{F24ED857-61B7-4461-A3BD-CE3FC515123B}"
EndProject
Global
	GlobalSection(SolutionConfigurationPlatforms) = preSolution
		Debug|x64 = Debug|x64
		Debug|x86 = Debug|x86
		Release|x64 = Release|x64
		Release|x86 = Release|x86
	EndGlobalSection
	GlobalSection(ProjectConfigurationPlatforms) = postSolution
		{F24ED857-61B7-4461-A3BD-CE3FC515123B}.Debug|x64.ActiveCfg = Debug|x64
		{F24ED857-61B7-4461-A3BD-CE3FC515123B}.Debug|x64.Build.0 = Debug|x64
		{F24ED857-61B7-4461-A3BD-CE3FC515123B}.Debug|x86.ActiveCfg = Debug|Win32
		{F24ED857-61B7-4461-A3BD-CE3FC515123B}.Debug|x86.Build.0 = Debug|Win32
		{F24ED857-61B7-4461-A3BD-CE3FC515123B}.Release|x64.ActiveCfg = Release|x64
		{F24ED857-61B7-4461-A3BD-CE3FC515123B}.Release|x64.Build.0 = Release|x64
		{F24ED857-61B7-4461-A3BD-CE3FC515123B}.Release|x86.ActiveCfg = Release|Win32
		{F24ED857-61B7-4461-A3BD-CE3FC515123B}.Release|x86.Build.0 = Release|Win32
	EndGlobalSection
	GlobalSection(SolutionProperties) = preSolution
		HideSolutionNode = FALSE
	EndGlobalSection
	GlobalSection(ExtensibilityGlobals) = postSolution
		SolutionGuid = {4AC13AEB-8ABE-4FBF-9187-8558CC44891C}
	EndGlobalSection
EndGlobal
